
Microsoft Visual Studio Solution File, Format Version 12.00
# Visual Studio 15
VisualStudioVersion = 15.0.28307.572
MinimumVisualStudioVersion = 10.0.40219.1
Project("{FAE04EC0-301F-11D3-BF4B-00C04F79EFBC}") = "ProductStore.Web.UI", "ProductStore.Web.UI\ProductStore.Web.UI.csproj", "{E2595D78-67C8-454D-8DF7-AF6FD37317A6}"
EndProject
Project("{FAE04EC0-301F-11D3-BF4B-00C04F79EFBC}") = "ProductStore.Web.Api", "ProductStore.Web.Api\ProductStore.Web.Api.csproj", "{95AF76B3-9D9B-4E27-A2F4-C720D21BDF56}"
EndProject
Project("{2150E333-8FDC-42A3-9474-1A3956D46DE8}") = "Tests", "Tests", "{F3214D79-BC32-49F4-853A-EF73FC1BDE3C}"
EndProject
Project("{FAE04EC0-301F-11D3-BF4B-00C04F79EFBC}") = "ProductStore.Web.Models", "ProductStore.Web.Models\ProductStore.Web.Models.csproj", "{C5226A70-E307-41A4-8CC9-CBB871FBB8C2}"
EndProject
Project("{FAE04EC0-301F-11D3-BF4B-00C04F79EFBC}") = "ProductStore.Domain.Data", "ProductStore.Domain.Data\ProductStore.Domain.Data.csproj", "{8F703C34-D06F-4AB0-A09F-51DDB99D9933}"
EndProject
Project("{FAE04EC0-301F-11D3-BF4B-00C04F79EFBC}") = "ProductStore.Domain.Repositories", "ProductStore.Domain.Repositories\ProductStore.Domain.Repositories.csproj", "{E5459B5D-1824-42EE-9C89-1B210B5304F5}"
EndProject
Project("{FAE04EC0-301F-11D3-BF4B-00C04F79EFBC}") = "ProductStore.Domain.Models", "ProductStore.Domain.Models\ProductStore.Domain.Models.csproj", "{CB01DC60-5CAF-4125-B980-110800AC1502}"
EndProject
Project("{2150E333-8FDC-42A3-9474-1A3956D46DE8}") = "Domain", "Domain", "{5ABB821F-75FE-4BCC-BD99-FF53F18BF245}"
EndProject
Project("{2150E333-8FDC-42A3-9474-1A3956D46DE8}") = "Web", "Web", "{5CEA7C57-890E-40AC-A48A-83233C86C567}"
EndProject
Project("{FAE04EC0-301F-11D3-BF4B-00C04F79EFBC}") = "ProductStore.Unity", "ProductStore.Unity\ProductStore.Unity.csproj", "{39CD7817-65F8-405F-9187-8DEAE3645FA9}"
EndProject
Project("{FAE04EC0-301F-11D3-BF4B-00C04F79EFBC}") = "ProductStore.Web.Shared", "ProductStore.Web.Shared\ProductStore.Web.Shared.csproj", "{3F0125D4-1CA3-4BB6-B845-0987C824095D}"
EndProject
Global
	GlobalSection(SolutionConfigurationPlatforms) = preSolution
		Debug|Any CPU = Debug|Any CPU
		Release|Any CPU = Release|Any CPU
	EndGlobalSection
	GlobalSection(ProjectConfigurationPlatforms) = postSolution
		{E2595D78-67C8-454D-8DF7-AF6FD37317A6}.Debug|Any CPU.ActiveCfg = Debug|Any CPU
		{E2595D78-67C8-454D-8DF7-AF6FD37317A6}.Debug|Any CPU.Build.0 = Debug|Any CPU
		{E2595D78-67C8-454D-8DF7-AF6FD37317A6}.Release|Any CPU.ActiveCfg = Release|Any CPU
		{E2595D78-67C8-454D-8DF7-AF6FD37317A6}.Release|Any CPU.Build.0 = Release|Any CPU
		{95AF76B3-9D9B-4E27-A2F4-C720D21BDF56}.Debug|Any CPU.ActiveCfg = Debug|Any CPU
		{95AF76B3-9D9B-4E27-A2F4-C720D21BDF56}.Debug|Any CPU.Build.0 = Debug|Any CPU
		{95AF76B3-9D9B-4E27-A2F4-C720D21BDF56}.Release|Any CPU.ActiveCfg = Release|Any CPU
		{95AF76B3-9D9B-4E27-A2F4-C720D21BDF56}.Release|Any CPU.Build.0 = Release|Any CPU
		{C5226A70-E307-41A4-8CC9-CBB871FBB8C2}.Debug|Any CPU.ActiveCfg = Debug|Any CPU
		{C5226A70-E307-41A4-8CC9-CBB871FBB8C2}.Debug|Any CPU.Build.0 = Debug|Any CPU
		{C5226A70-E307-41A4-8CC9-CBB871FBB8C2}.Release|Any CPU.ActiveCfg = Release|Any CPU
		{C5226A70-E307-41A4-8CC9-CBB871FBB8C2}.Release|Any CPU.Build.0 = Release|Any CPU
		{8F703C34-D06F-4AB0-A09F-51DDB99D9933}.Debug|Any CPU.ActiveCfg = Debug|Any CPU
		{8F703C34-D06F-4AB0-A09F-51DDB99D9933}.Debug|Any CPU.Build.0 = Debug|Any CPU
		{8F703C34-D06F-4AB0-A09F-51DDB99D9933}.Release|Any CPU.ActiveCfg = Release|Any CPU
		{8F703C34-D06F-4AB0-A09F-51DDB99D9933}.Release|Any CPU.Build.0 = Release|Any CPU
		{E5459B5D-1824-42EE-9C89-1B210B5304F5}.Debug|Any CPU.ActiveCfg = Debug|Any CPU
		{E5459B5D-1824-42EE-9C89-1B210B5304F5}.Debug|Any CPU.Build.0 = Debug|Any CPU
		{E5459B5D-1824-42EE-9C89-1B210B5304F5}.Release|Any CPU.ActiveCfg = Release|Any CPU
		{E5459B5D-1824-42EE-9C89-1B210B5304F5}.Release|Any CPU.Build.0 = Release|Any CPU
		{CB01DC60-5CAF-4125-B980-110800AC1502}.Debug|Any CPU.ActiveCfg = Debug|Any CPU
		{CB01DC60-5CAF-4125-B980-110800AC1502}.Debug|Any CPU.Build.0 = Debug|Any CPU
		{CB01DC60-5CAF-4125-B980-110800AC1502}.Release|Any CPU.ActiveCfg = Release|Any CPU
		{CB01DC60-5CAF-4125-B980-110800AC1502}.Release|Any CPU.Build.0 = Release|Any CPU
		{39CD7817-65F8-405F-9187-8DEAE3645FA9}.Debug|Any CPU.ActiveCfg = Debug|Any CPU
		{39CD7817-65F8-405F-9187-8DEAE3645FA9}.Debug|Any CPU.Build.0 = Debug|Any CPU
		{39CD7817-65F8-405F-9187-8DEAE3645FA9}.Release|Any CPU.ActiveCfg = Release|Any CPU
		{39CD7817-65F8-405F-9187-8DEAE3645FA9}.Release|Any CPU.Build.0 = Release|Any CPU
		{3F0125D4-1CA3-4BB6-B845-0987C824095D}.Debug|Any CPU.ActiveCfg = Debug|Any CPU
		{3F0125D4-1CA3-4BB6-B845-0987C824095D}.Debug|Any CPU.Build.0 = Debug|Any CPU
		{3F0125D4-1CA3-4BB6-B845-0987C824095D}.Release|Any CPU.ActiveCfg = Release|Any CPU
		{3F0125D4-1CA3-4BB6-B845-0987C824095D}.Release|Any CPU.Build.0 = Release|Any CPU
	EndGlobalSection
	GlobalSection(SolutionProperties) = preSolution
		HideSolutionNode = FALSE
	EndGlobalSection
	GlobalSection(NestedProjects) = preSolution
		{E2595D78-67C8-454D-8DF7-AF6FD37317A6} = {5CEA7C57-890E-40AC-A48A-83233C86C567}
		{95AF76B3-9D9B-4E27-A2F4-C720D21BDF56} = {5CEA7C57-890E-40AC-A48A-83233C86C567}
		{C5226A70-E307-41A4-8CC9-CBB871FBB8C2} = {5CEA7C57-890E-40AC-A48A-83233C86C567}
		{8F703C34-D06F-4AB0-A09F-51DDB99D9933} = {5ABB821F-75FE-4BCC-BD99-FF53F18BF245}
		{E5459B5D-1824-42EE-9C89-1B210B5304F5} = {5ABB821F-75FE-4BCC-BD99-FF53F18BF245}
		{CB01DC60-5CAF-4125-B980-110800AC1502} = {5ABB821F-75FE-4BCC-BD99-FF53F18BF245}
		{3F0125D4-1CA3-4BB6-B845-0987C824095D} = {5CEA7C57-890E-40AC-A48A-83233C86C567}
	EndGlobalSection
	GlobalSection(ExtensibilityGlobals) = postSolution
		SolutionGuid = {19052788-6C6E-4107-AFC7-21391954F24B}
	EndGlobalSection
EndGlobal
